
Microsoft Visual Studio Solution File, Format Version 12.00
# Visual Studio Version 17
VisualStudioVersion = 17.7.34024.191
MinimumVisualStudioVersion = 10.0.40219.1
Project("{FAE04EC0-301F-11D3-BF4B-00C04F79EFBC}") = "Selector", "Selector.csproj", "{38BC4E2A-3158-467D-97DD-FE48E9BFBB8A}"
EndProject
Global
	GlobalSection(SolutionConfigurationPlatforms) = preSolution
		Debug|Any CPU = Debug|Any CPU
		Release|Any CPU = Release|Any CPU
	EndGlobalSection
	GlobalSection(ProjectConfigurationPlatforms) = postSolution
		{38BC4E2A-3158-467D-97DD-FE48E9BFBB8A}.Debug|Any CPU.ActiveCfg = Debug|Any CPU
		{38BC4E2A-3158-467D-97DD-FE48E9BFBB8A}.Debug|Any CPU.Build.0 = Debug|Any CPU
		{38BC4E2A-3158-467D-97DD-FE48E9BFBB8A}.Release|Any CPU.ActiveCfg = Release|Any CPU
		{38BC4E2A-3158-467D-97DD-FE48E9BFBB8A}.Release|Any CPU.Build.0 = Release|Any CPU
	EndGlobalSection
	GlobalSection(SolutionProperties) = preSolution
		HideSolutionNode = FALSE
	EndGlobalSection
	GlobalSection(ExtensibilityGlobals) = postSolution
		SolutionGuid = {B80F0436-6205-4B75-83A5-D74A14D4A02E}
	EndGlobalSection
EndGlobal
